// !$*UTF8*$!
{
	archiveVersion = 1;
	classes = {
	};
	objectVersion = 46;
	objects = {

/* Begin PBXBuildFile section */
		0B117C551CFB2A030092D268 /* main.m in Sources */ = {isa = PBXBuildFile; fileRef = 0B117C541CFB2A030092D268 /* main.m */; };
		0B117C581CFB2A030092D268 /* AppDelegate.m in Sources */ = {isa = PBXBuildFile; fileRef = 0B117C571CFB2A030092D268 /* AppDelegate.m */; };
		0B117C5B1CFB2A030092D268 /* ViewController.m in Sources */ = {isa = PBXBuildFile; fileRef = 0B117C5A1CFB2A030092D268 /* ViewController.m */; };
		0B117C5E1CFB2A030092D268 /* Main.storyboard in Resources */ = {isa = PBXBuildFile; fileRef = 0B117C5C1CFB2A030092D268 /* Main.storyboard */; };
		0B117C601CFB2A030092D268 /* Assets.xcassets in Resources */ = {isa = PBXBuildFile; fileRef = 0B117C5F1CFB2A030092D268 /* Assets.xcassets */; };
		0B117C631CFB2A030092D268 /* LaunchScreen.storyboard in Resources */ = {isa = PBXBuildFile; fileRef = 0B117C611CFB2A030092D268 /* LaunchScreen.storyboard */; };
		0B117C6E1CFB2A030092D268 /* CTNetWorkTests.m in Sources */ = {isa = PBXBuildFile; fileRef = 0B117C6D1CFB2A030092D268 /* CTNetWorkTests.m */; };
		0BD6DC8B1D02BB4100A1C3F8 /* test.png in Resources */ = {isa = PBXBuildFile; fileRef = 0BD6DC8A1D02BB4100A1C3F8 /* test.png */; };
		0BD6DC901D02DB1000A1C3F8 /* CTBaseBatchRequest.m in Sources */ = {isa = PBXBuildFile; fileRef = 0BD6DC8F1D02DB1000A1C3F8 /* CTBaseBatchRequest.m */; };
		0BD6DC921D02F26E00A1C3F8 /* casetree.cer in Resources */ = {isa = PBXBuildFile; fileRef = 0BD6DC911D02F26E00A1C3F8 /* casetree.cer */; };
		49BA00008E07969FBE979B0C /* libPods-CTNetWork.a in Frameworks */ = {isa = PBXBuildFile; fileRef = A5B3A645697AF1DD29A61E5B /* libPods-CTNetWork.a */; };
		843F15C31CFC1F7E00CE4A19 /* CTHTTPSessionManager.m in Sources */ = {isa = PBXBuildFile; fileRef = 843F15C21CFC1F7E00CE4A19 /* CTHTTPSessionManager.m */; };
		843F15C61CFC22B600CE4A19 /* CTBaseRequest.m in Sources */ = {isa = PBXBuildFile; fileRef = 843F15C51CFC22B600CE4A19 /* CTBaseRequest.m */; };
		843F15C91CFC253200CE4A19 /* CTNetworkManager.m in Sources */ = {isa = PBXBuildFile; fileRef = 843F15C81CFC253200CE4A19 /* CTNetworkManager.m */; };
		843F15CC1CFC298300CE4A19 /* CTNetworkCache.m in Sources */ = {isa = PBXBuildFile; fileRef = 843F15CB1CFC298300CE4A19 /* CTNetworkCache.m */; };
		843F15CF1CFC29C100CE4A19 /* CTNetworkConfiguration.m in Sources */ = {isa = PBXBuildFile; fileRef = 843F15CE1CFC29C100CE4A19 /* CTNetworkConfiguration.m */; };
/* End PBXBuildFile section */

/* Begin PBXContainerItemProxy section */
		0B117C6A1CFB2A030092D268 /* PBXContainerItemProxy */ = {
			isa = PBXContainerItemProxy;
			containerPortal = 0B117C481CFB2A030092D268 /* Project object */;
			proxyType = 1;
			remoteGlobalIDString = 0B117C4F1CFB2A030092D268;
			remoteInfo = CTNetWork;
		};
/* End PBXContainerItemProxy section */

/* Begin PBXFileReference section */
		0B117C501CFB2A030092D268 /* CTNetWork.app */ = {isa = PBXFileReference; explicitFileType = wrapper.application; includeInIndex = 0; path = CTNetWork.app; sourceTree = BUILT_PRODUCTS_DIR; };
		0B117C541CFB2A030092D268 /* main.m */ = {isa = PBXFileReference; lastKnownFileType = sourcecode.c.objc; path = main.m; sourceTree = "<group>"; };
		0B117C561CFB2A030092D268 /* AppDelegate.h */ = {isa = PBXFileReference; lastKnownFileType = sourcecode.c.h; path = AppDelegate.h; sourceTree = "<group>"; };
		0B117C571CFB2A030092D268 /* AppDelegate.m */ = {isa = PBXFileReference; lastKnownFileType = sourcecode.c.objc; path = AppDelegate.m; sourceTree = "<group>"; };
		0B117C591CFB2A030092D268 /* ViewController.h */ = {isa = PBXFileReference; lastKnownFileType = sourcecode.c.h; path = ViewController.h; sourceTree = "<group>"; };
		0B117C5A1CFB2A030092D268 /* ViewController.m */ = {isa = PBXFileReference; lastKnownFileType = sourcecode.c.objc; path = ViewController.m; sourceTree = "<group>"; };
		0B117C5D1CFB2A030092D268 /* Base */ = {isa = PBXFileReference; lastKnownFileType = file.storyboard; name = Base; path = Base.lproj/Main.storyboard; sourceTree = "<group>"; };
		0B117C5F1CFB2A030092D268 /* Assets.xcassets */ = {isa = PBXFileReference; lastKnownFileType = folder.assetcatalog; path = Assets.xcassets; sourceTree = "<group>"; };
		0B117C621CFB2A030092D268 /* Base */ = {isa = PBXFileReference; lastKnownFileType = file.storyboard; name = Base; path = Base.lproj/LaunchScreen.storyboard; sourceTree = "<group>"; };
		0B117C641CFB2A030092D268 /* Info.plist */ = {isa = PBXFileReference; lastKnownFileType = text.plist.xml; path = Info.plist; sourceTree = "<group>"; };
		0B117C691CFB2A030092D268 /* CTNetWorkTests.xctest */ = {isa = PBXFileReference; explicitFileType = wrapper.cfbundle; includeInIndex = 0; path = CTNetWorkTests.xctest; sourceTree = BUILT_PRODUCTS_DIR; };
		0B117C6D1CFB2A030092D268 /* CTNetWorkTests.m */ = {isa = PBXFileReference; lastKnownFileType = sourcecode.c.objc; path = CTNetWorkTests.m; sourceTree = "<group>"; };
		0B117C6F1CFB2A030092D268 /* Info.plist */ = {isa = PBXFileReference; lastKnownFileType = text.plist.xml; path = Info.plist; sourceTree = "<group>"; };
		0BBA66CB1CFF226B006A445A /* CTNetwork.h */ = {isa = PBXFileReference; lastKnownFileType = sourcecode.c.h; path = CTNetwork.h; sourceTree = "<group>"; };
		0BD6DC8A1D02BB4100A1C3F8 /* test.png */ = {isa = PBXFileReference; lastKnownFileType = image.png; name = test.png; path = CTNetWork/test.png; sourceTree = "<group>"; };
		0BD6DC8E1D02DB1000A1C3F8 /* CTBaseBatchRequest.h */ = {isa = PBXFileReference; fileEncoding = 4; lastKnownFileType = sourcecode.c.h; path = CTBaseBatchRequest.h; sourceTree = "<group>"; };
		0BD6DC8F1D02DB1000A1C3F8 /* CTBaseBatchRequest.m */ = {isa = PBXFileReference; fileEncoding = 4; lastKnownFileType = sourcecode.c.objc; path = CTBaseBatchRequest.m; sourceTree = "<group>"; };
		0BD6DC911D02F26E00A1C3F8 /* casetree.cer */ = {isa = PBXFileReference; lastKnownFileType = file; path = casetree.cer; sourceTree = "<group>"; };
		843F15C11CFC1F7E00CE4A19 /* CTHTTPSessionManager.h */ = {isa = PBXFileReference; fileEncoding = 4; lastKnownFileType = sourcecode.c.h; path = CTHTTPSessionManager.h; sourceTree = "<group>"; };
		843F15C21CFC1F7E00CE4A19 /* CTHTTPSessionManager.m */ = {isa = PBXFileReference; fileEncoding = 4; lastKnownFileType = sourcecode.c.objc; path = CTHTTPSessionManager.m; sourceTree = "<group>"; };
		843F15C41CFC22B600CE4A19 /* CTBaseRequest.h */ = {isa = PBXFileReference; fileEncoding = 4; lastKnownFileType = sourcecode.c.h; path = CTBaseRequest.h; sourceTree = "<group>"; };
		843F15C51CFC22B600CE4A19 /* CTBaseRequest.m */ = {isa = PBXFileReference; fileEncoding = 4; lastKnownFileType = sourcecode.c.objc; path = CTBaseRequest.m; sourceTree = "<group>"; };
		843F15C71CFC253200CE4A19 /* CTNetworkManager.h */ = {isa = PBXFileReference; fileEncoding = 4; lastKnownFileType = sourcecode.c.h; path = CTNetworkManager.h; sourceTree = "<group>"; };
		843F15C81CFC253200CE4A19 /* CTNetworkManager.m */ = {isa = PBXFileReference; fileEncoding = 4; lastKnownFileType = sourcecode.c.objc; path = CTNetworkManager.m; sourceTree = "<group>"; };
		843F15CA1CFC298300CE4A19 /* CTNetworkCache.h */ = {isa = PBXFileReference; fileEncoding = 4; lastKnownFileType = sourcecode.c.h; path = CTNetworkCache.h; sourceTree = "<group>"; };
		843F15CB1CFC298300CE4A19 /* CTNetworkCache.m */ = {isa = PBXFileReference; fileEncoding = 4; lastKnownFileType = sourcecode.c.objc; path = CTNetworkCache.m; sourceTree = "<group>"; };
		843F15CD1CFC29C100CE4A19 /* CTNetworkConfiguration.h */ = {isa = PBXFileReference; fileEncoding = 4; lastKnownFileType = sourcecode.c.h; path = CTNetworkConfiguration.h; sourceTree = "<group>"; };
		843F15CE1CFC29C100CE4A19 /* CTNetworkConfiguration.m */ = {isa = PBXFileReference; fileEncoding = 4; lastKnownFileType = sourcecode.c.objc; path = CTNetworkConfiguration.m; sourceTree = "<group>"; };
		A5B3A645697AF1DD29A61E5B /* libPods-CTNetWork.a */ = {isa = PBXFileReference; explicitFileType = archive.ar; includeInIndex = 0; path = "libPods-CTNetWork.a"; sourceTree = BUILT_PRODUCTS_DIR; };
		CB36B9F90714C2A71D663707 /* Pods-CTNetWork.debug.xcconfig */ = {isa = PBXFileReference; includeInIndex = 1; lastKnownFileType = text.xcconfig; name = "Pods-CTNetWork.debug.xcconfig"; path = "Pods/Target Support Files/Pods-CTNetWork/Pods-CTNetWork.debug.xcconfig"; sourceTree = "<group>"; };
		F8CE4DA1D8B846C1EA30E5B4 /* Pods-CTNetWork.release.xcconfig */ = {isa = PBXFileReference; includeInIndex = 1; lastKnownFileType = text.xcconfig; name = "Pods-CTNetWork.release.xcconfig"; path = "Pods/Target Support Files/Pods-CTNetWork/Pods-CTNetWork.release.xcconfig"; sourceTree = "<group>"; };
/* End PBXFileReference section */

/* Begin PBXFrameworksBuildPhase section */
		0B117C4D1CFB2A030092D268 /* Frameworks */ = {
			isa = PBXFrameworksBuildPhase;
			buildActionMask = 2147483647;
			files = (
				49BA00008E07969FBE979B0C /* libPods-CTNetWork.a in Frameworks */,
			);
			runOnlyForDeploymentPostprocessing = 0;
		};
		0B117C661CFB2A030092D268 /* Frameworks */ = {
			isa = PBXFrameworksBuildPhase;
			buildActionMask = 2147483647;
			files = (
			);
			runOnlyForDeploymentPostprocessing = 0;
		};
/* End PBXFrameworksBuildPhase section */

/* Begin PBXGroup section */
		0B117C471CFB2A030092D268 = {
			isa = PBXGroup;
			children = (
				0B117C521CFB2A030092D268 /* CTNetWork */,
				0B117C6C1CFB2A030092D268 /* CTNetWorkTests */,
				0B117C511CFB2A030092D268 /* Products */,
				B06ACBE3E76C4A65C775CDDD /* Pods */,
				31DE55FAF73786DE84E7D3D7 /* Frameworks */,
			);
			sourceTree = "<group>";
		};
		0B117C511CFB2A030092D268 /* Products */ = {
			isa = PBXGroup;
			children = (
				0B117C501CFB2A030092D268 /* CTNetWork.app */,
				0B117C691CFB2A030092D268 /* CTNetWorkTests.xctest */,
			);
			name = Products;
			sourceTree = "<group>";
		};
		0B117C521CFB2A030092D268 /* CTNetWork */ = {
			isa = PBXGroup;
			children = (
				843F15C01CFC1E7200CE4A19 /* CTNetWork */,
				0B117C561CFB2A030092D268 /* AppDelegate.h */,
				0B117C571CFB2A030092D268 /* AppDelegate.m */,
				0BD6DC8A1D02BB4100A1C3F8 /* test.png */,
				0B117C591CFB2A030092D268 /* ViewController.h */,
				0B117C5A1CFB2A030092D268 /* ViewController.m */,
				0B117C5C1CFB2A030092D268 /* Main.storyboard */,
				0B117C5F1CFB2A030092D268 /* Assets.xcassets */,
				0B117C611CFB2A030092D268 /* LaunchScreen.storyboard */,
				0B117C641CFB2A030092D268 /* Info.plist */,
				0BD6DC911D02F26E00A1C3F8 /* casetree.cer */,
				0B117C531CFB2A030092D268 /* Supporting Files */,
			);
			path = CTNetWork;
			sourceTree = "<group>";
		};
		0B117C531CFB2A030092D268 /* Supporting Files */ = {
			isa = PBXGroup;
			children = (
				0B117C541CFB2A030092D268 /* main.m */,
			);
			name = "Supporting Files";
			sourceTree = "<group>";
		};
		0B117C6C1CFB2A030092D268 /* CTNetWorkTests */ = {
			isa = PBXGroup;
			children = (
				0B117C6D1CFB2A030092D268 /* CTNetWorkTests.m */,
				0B117C6F1CFB2A030092D268 /* Info.plist */,
			);
			path = CTNetWorkTests;
			sourceTree = "<group>";
		};
		31DE55FAF73786DE84E7D3D7 /* Frameworks */ = {
			isa = PBXGroup;
			children = (
				A5B3A645697AF1DD29A61E5B /* libPods-CTNetWork.a */,
			);
			name = Frameworks;
			sourceTree = "<group>";
		};
		843F15C01CFC1E7200CE4A19 /* CTNetWork */ = {
			isa = PBXGroup;
			children = (
				0BBA66CB1CFF226B006A445A /* CTNetwork.h */,
				843F15C11CFC1F7E00CE4A19 /* CTHTTPSessionManager.h */,
				843F15C21CFC1F7E00CE4A19 /* CTHTTPSessionManager.m */,
				843F15C41CFC22B600CE4A19 /* CTBaseRequest.h */,
				843F15C51CFC22B600CE4A19 /* CTBaseRequest.m */,
				0BD6DC8E1D02DB1000A1C3F8 /* CTBaseBatchRequest.h */,
				0BD6DC8F1D02DB1000A1C3F8 /* CTBaseBatchRequest.m */,
				843F15C71CFC253200CE4A19 /* CTNetworkManager.h */,
				843F15C81CFC253200CE4A19 /* CTNetworkManager.m */,
				843F15CA1CFC298300CE4A19 /* CTNetworkCache.h */,
				843F15CB1CFC298300CE4A19 /* CTNetworkCache.m */,
				843F15CD1CFC29C100CE4A19 /* CTNetworkConfiguration.h */,
				843F15CE1CFC29C100CE4A19 /* CTNetworkConfiguration.m */,
			);
			path = CTNetWork;
			sourceTree = "<group>";
		};
		B06ACBE3E76C4A65C775CDDD /* Pods */ = {
			isa = PBXGroup;
			children = (
				CB36B9F90714C2A71D663707 /* Pods-CTNetWork.debug.xcconfig */,
				F8CE4DA1D8B846C1EA30E5B4 /* Pods-CTNetWork.release.xcconfig */,
			);
			name = Pods;
			sourceTree = "<group>";
		};
/* End PBXGroup section */

/* Begin PBXNativeTarget section */
		0B117C4F1CFB2A030092D268 /* CTNetWork */ = {
			isa = PBXNativeTarget;
			buildConfigurationList = 0B117C721CFB2A030092D268 /* Build configuration list for PBXNativeTarget "CTNetWork" */;
			buildPhases = (
				9A14EA942A648BA624061CCC /* 📦 Check Pods Manifest.lock */,
				0B117C4C1CFB2A030092D268 /* Sources */,
				0B117C4D1CFB2A030092D268 /* Frameworks */,
				0B117C4E1CFB2A030092D268 /* Resources */,
				F70F7FDF40B6293FE7071CC1 /* 📦 Embed Pods Frameworks */,
				859B344988733831CA858068 /* 📦 Copy Pods Resources */,
			);
			buildRules = (
			);
			dependencies = (
			);
			name = CTNetWork;
			productName = CTNetWork;
			productReference = 0B117C501CFB2A030092D268 /* CTNetWork.app */;
			productType = "com.apple.product-type.application";
		};
		0B117C681CFB2A030092D268 /* CTNetWorkTests */ = {
			isa = PBXNativeTarget;
			buildConfigurationList = 0B117C751CFB2A030092D268 /* Build configuration list for PBXNativeTarget "CTNetWorkTests" */;
			buildPhases = (
				0B117C651CFB2A030092D268 /* Sources */,
				0B117C661CFB2A030092D268 /* Frameworks */,
				0B117C671CFB2A030092D268 /* Resources */,
			);
			buildRules = (
			);
			dependencies = (
				0B117C6B1CFB2A030092D268 /* PBXTargetDependency */,
			);
			name = CTNetWorkTests;
			productName = CTNetWorkTests;
			productReference = 0B117C691CFB2A030092D268 /* CTNetWorkTests.xctest */;
			productType = "com.apple.product-type.bundle.unit-test";
		};
/* End PBXNativeTarget section */

/* Begin PBXProject section */
		0B117C481CFB2A030092D268 /* Project object */ = {
			isa = PBXProject;
			attributes = {
				LastUpgradeCheck = 0730;
				ORGANIZATIONNAME = "Excalibur-Tong";
				TargetAttributes = {
					0B117C4F1CFB2A030092D268 = {
						CreatedOnToolsVersion = 7.3.1;
						DevelopmentTeam = C8ETL5MJ88;
					};
					0B117C681CFB2A030092D268 = {
						CreatedOnToolsVersion = 7.3.1;
						DevelopmentTeam = C8ETL5MJ88;
						TestTargetID = 0B117C4F1CFB2A030092D268;
					};
				};
			};
			buildConfigurationList = 0B117C4B1CFB2A030092D268 /* Build configuration list for PBXProject "CTNetWork" */;
			compatibilityVersion = "Xcode 3.2";
			developmentRegion = English;
			hasScannedForEncodings = 0;
			knownRegions = (
				en,
				Base,
			);
			mainGroup = 0B117C471CFB2A030092D268;
			productRefGroup = 0B117C511CFB2A030092D268 /* Products */;
			projectDirPath = "";
			projectRoot = "";
			targets = (
				0B117C4F1CFB2A030092D268 /* CTNetWork */,
				0B117C681CFB2A030092D268 /* CTNetWorkTests */,
			);
		};
/* End PBXProject section */

/* Begin PBXResourcesBuildPhase section */
		0B117C4E1CFB2A030092D268 /* Resources */ = {
			isa = PBXResourcesBuildPhase;
			buildActionMask = 2147483647;
			files = (
				0B117C631CFB2A030092D268 /* LaunchScreen.storyboard in Resources */,
				0B117C601CFB2A030092D268 /* Assets.xcassets in Resources */,
				0BD6DC921D02F26E00A1C3F8 /* casetree.cer in Resources */,
				0B117C5E1CFB2A030092D268 /* Main.storyboard in Resources */,
				0BD6DC8B1D02BB4100A1C3F8 /* test.png in Resources */,
			);
			runOnlyForDeploymentPostprocessing = 0;
		};
		0B117C671CFB2A030092D268 /* Resources */ = {
			isa = PBXResourcesBuildPhase;
			buildActionMask = 2147483647;
			files = (
			);
			runOnlyForDeploymentPostprocessing = 0;
		};
/* End PBXResourcesBuildPhase section */

/* Begin PBXShellScriptBuildPhase section */
		859B344988733831CA858068 /* 📦 Copy Pods Resources */ = {
			isa = PBXShellScriptBuildPhase;
			buildActionMask = 2147483647;
			files = (
			);
			inputPaths = (
			);
			name = "📦 Copy Pods Resources";
			outputPaths = (
			);
			runOnlyForDeploymentPostprocessing = 0;
			shellPath = /bin/sh;
			shellScript = "\"${SRCROOT}/Pods/Target Support Files/Pods-CTNetWork/Pods-CTNetWork-resources.sh\"\n";
			showEnvVarsInLog = 0;
		};
		9A14EA942A648BA624061CCC /* 📦 Check Pods Manifest.lock */ = {
			isa = PBXShellScriptBuildPhase;
			buildActionMask = 2147483647;
			files = (
			);
			inputPaths = (
			);
			name = "📦 Check Pods Manifest.lock";
			outputPaths = (
			);
			runOnlyForDeploymentPostprocessing = 0;
			shellPath = /bin/sh;
			shellScript = "diff \"${PODS_ROOT}/../Podfile.lock\" \"${PODS_ROOT}/Manifest.lock\" > /dev/null\nif [[ $? != 0 ]] ; then\n    cat << EOM\nerror: The sandbox is not in sync with the Podfile.lock. Run 'pod install' or update your CocoaPods installation.\nEOM\n    exit 1\nfi\n";
			showEnvVarsInLog = 0;
		};
		F70F7FDF40B6293FE7071CC1 /* 📦 Embed Pods Frameworks */ = {
			isa = PBXShellScriptBuildPhase;
			buildActionMask = 2147483647;
			files = (
			);
			inputPaths = (
			);
			name = "📦 Embed Pods Frameworks";
			outputPaths = (
			);
			runOnlyForDeploymentPostprocessing = 0;
			shellPath = /bin/sh;
			shellScript = "\"${SRCROOT}/Pods/Target Support Files/Pods-CTNetWork/Pods-CTNetWork-frameworks.sh\"\n";
			showEnvVarsInLog = 0;
		};
/* End PBXShellScriptBuildPhase section */

/* Begin PBXSourcesBuildPhase section */
		0B117C4C1CFB2A030092D268 /* Sources */ = {
			isa = PBXSourcesBuildPhase;
			buildActionMask = 2147483647;
			files = (
				0B117C5B1CFB2A030092D268 /* ViewController.m in Sources */,
				0B117C581CFB2A030092D268 /* AppDelegate.m in Sources */,
				0BD6DC901D02DB1000A1C3F8 /* CTBaseBatchRequest.m in Sources */,
				843F15CC1CFC298300CE4A19 /* CTNetworkCache.m in Sources */,
				0B117C551CFB2A030092D268 /* main.m in Sources */,
				843F15CF1CFC29C100CE4A19 /* CTNetworkConfiguration.m in Sources */,
				843F15C31CFC1F7E00CE4A19 /* CTHTTPSessionManager.m in Sources */,
				843F15C61CFC22B600CE4A19 /* CTBaseRequest.m in Sources */,
				843F15C91CFC253200CE4A19 /* CTNetworkManager.m in Sources */,
			);
			runOnlyForDeploymentPostprocessing = 0;
		};
		0B117C651CFB2A030092D268 /* Sources */ = {
			isa = PBXSourcesBuildPhase;
			buildActionMask = 2147483647;
			files = (
				0B117C6E1CFB2A030092D268 /* CTNetWorkTests.m in Sources */,
			);
			runOnlyForDeploymentPostprocessing = 0;
		};
/* End PBXSourcesBuildPhase section */

/* Begin PBXTargetDependency section */
		0B117C6B1CFB2A030092D268 /* PBXTargetDependency */ = {
			isa = PBXTargetDependency;
			target = 0B117C4F1CFB2A030092D268 /* CTNetWork */;
			targetProxy = 0B117C6A1CFB2A030092D268 /* PBXContainerItemProxy */;
		};
/* End PBXTargetDependency section */

/* Begin PBXVariantGroup section */
		0B117C5C1CFB2A030092D268 /* Main.storyboard */ = {
			isa = PBXVariantGroup;
			children = (
				0B117C5D1CFB2A030092D268 /* Base */,
			);
			name = Main.storyboard;
			sourceTree = "<group>";
		};
		0B117C611CFB2A030092D268 /* LaunchScreen.storyboard */ = {
			isa = PBXVariantGroup;
			children = (
				0B117C621CFB2A030092D268 /* Base */,
			);
			name = LaunchScreen.storyboard;
			sourceTree = "<group>";
		};
/* End PBXVariantGroup section */

/* Begin XCBuildConfiguration section */
		0B117C701CFB2A030092D268 /* Debug */ = {
			isa = XCBuildConfiguration;
			buildSettings = {
				ALWAYS_SEARCH_USER_PATHS = NO;
				CLANG_ANALYZER_NONNULL = YES;
				CLANG_CXX_LANGUAGE_STANDARD = "gnu++0x";
				CLANG_CXX_LIBRARY = "libc++";
				CLANG_ENABLE_MODULES = YES;
				CLANG_ENABLE_OBJC_ARC = YES;
				CLANG_WARN_BOOL_CONVERSION = YES;
				CLANG_WARN_CONSTANT_CONVERSION = YES;
				CLANG_WARN_DIRECT_OBJC_ISA_USAGE = YES_ERROR;
				CLANG_WARN_EMPTY_BODY = YES;
				CLANG_WARN_ENUM_CONVERSION = YES;
				CLANG_WARN_INT_CONVERSION = YES;
				CLANG_WARN_OBJC_ROOT_CLASS = YES_ERROR;
				CLANG_WARN_UNREACHABLE_CODE = YES;
				CLANG_WARN__DUPLICATE_METHOD_MATCH = YES;
				"CODE_SIGN_IDENTITY[sdk=iphoneos*]" = "iPhone Developer";
				COPY_PHASE_STRIP = NO;
				DEBUG_INFORMATION_FORMAT = dwarf;
				ENABLE_STRICT_OBJC_MSGSEND = YES;
				ENABLE_TESTABILITY = YES;
				GCC_C_LANGUAGE_STANDARD = gnu99;
				GCC_DYNAMIC_NO_PIC = NO;
				GCC_NO_COMMON_BLOCKS = YES;
				GCC_OPTIMIZATION_LEVEL = 0;
				GCC_PREPROCESSOR_DEFINITIONS = (
					"DEBUG=1",
					"$(inherited)",
				);
				GCC_WARN_64_TO_32_BIT_CONVERSION = YES;
				GCC_WARN_ABOUT_RETURN_TYPE = YES_ERROR;
				GCC_WARN_UNDECLARED_SELECTOR = YES;
				GCC_WARN_UNINITIALIZED_AUTOS = YES_AGGRESSIVE;
				GCC_WARN_UNUSED_FUNCTION = YES;
				GCC_WARN_UNUSED_VARIABLE = YES;
				IPHONEOS_DEPLOYMENT_TARGET = 9.3;
				MTL_ENABLE_DEBUG_INFO = YES;
				ONLY_ACTIVE_ARCH = YES;
				SDKROOT = iphoneos;
			};
			name = Debug;
		};
		0B117C711CFB2A030092D268 /* Release */ = {
			isa = XCBuildConfiguration;
			buildSettings = {
				ALWAYS_SEARCH_USER_PATHS = NO;
				CLANG_ANALYZER_NONNULL = YES;
				CLANG_CXX_LANGUAGE_STANDARD = "gnu++0x";
				CLANG_CXX_LIBRARY = "libc++";
				CLANG_ENABLE_MODULES = YES;
				CLANG_ENABLE_OBJC_ARC = YES;
				CLANG_WARN_BOOL_CONVERSION = YES;
				CLANG_WARN_CONSTANT_CONVERSION = YES;
				CLANG_WARN_DIRECT_OBJC_ISA_USAGE = YES_ERROR;
				CLANG_WARN_EMPTY_BODY = YES;
				CLANG_WARN_ENUM_CONVERSION = YES;
				CLANG_WARN_INT_CONVERSION = YES;
				CLANG_WARN_OBJC_ROOT_CLASS = YES_ERROR;
				CLANG_WARN_UNREACHABLE_CODE = YES;
				CLANG_WARN__DUPLICATE_METHOD_MATCH = YES;
				"CODE_SIGN_IDENTITY[sdk=iphoneos*]" = "iPhone Developer";
				COPY_PHASE_STRIP = NO;
				DEBUG_INFORMATION_FORMAT = "dwarf-with-dsym";
				ENABLE_NS_ASSERTIONS = NO;
				ENABLE_STRICT_OBJC_MSGSEND = YES;
				GCC_C_LANGUAGE_STANDARD = gnu99;
				GCC_NO_COMMON_BLOCKS = YES;
				GCC_WARN_64_TO_32_BIT_CONVERSION = YES;
				GCC_WARN_ABOUT_RETURN_TYPE = YES_ERROR;
				GCC_WARN_UNDECLARED_SELECTOR = YES;
				GCC_WARN_UNINITIALIZED_AUTOS = YES_AGGRESSIVE;
				GCC_WARN_UNUSED_FUNCTION = YES;
				GCC_WARN_UNUSED_VARIABLE = YES;
				IPHONEOS_DEPLOYMENT_TARGET = 9.3;
				MTL_ENABLE_DEBUG_INFO = NO;
				SDKROOT = iphoneos;
				VALIDATE_PRODUCT = YES;
			};
			name = Release;
		};
		0B117C731CFB2A030092D268 /* Debug */ = {
			isa = XCBuildConfiguration;
			baseConfigurationReference = CB36B9F90714C2A71D663707 /* Pods-CTNetWork.debug.xcconfig */;
			buildSettings = {
				ASSETCATALOG_COMPILER_APPICON_NAME = AppIcon;
				INFOPLIST_FILE = CTNetWork/Info.plist;
				LD_RUNPATH_SEARCH_PATHS = "$(inherited) @executable_path/Frameworks";
				PRODUCT_BUNDLE_IDENTIFIER = com.excalibur.Tong.CTNetWork;
				PRODUCT_NAME = "$(TARGET_NAME)";
			};
			name = Debug;
		};
		0B117C741CFB2A030092D268 /* Release */ = {
			isa = XCBuildConfiguration;
			baseConfigurationReference = F8CE4DA1D8B846C1EA30E5B4 /* Pods-CTNetWork.release.xcconfig */;
			buildSettings = {
				ASSETCATALOG_COMPILER_APPICON_NAME = AppIcon;
				INFOPLIST_FILE = CTNetWork/Info.plist;
				LD_RUNPATH_SEARCH_PATHS = "$(inherited) @executable_path/Frameworks";
				PRODUCT_BUNDLE_IDENTIFIER = com.excalibur.Tong.CTNetWork;
				PRODUCT_NAME = "$(TARGET_NAME)";
			};
			name = Release;
		};
		0B117C761CFB2A030092D268 /* Debug */ = {
			isa = XCBuildConfiguration;
			buildSettings = {
				BUNDLE_LOADER = "$(TEST_HOST)";
				INFOPLIST_FILE = CTNetWorkTests/Info.plist;
				LD_RUNPATH_SEARCH_PATHS = "$(inherited) @executable_path/Frameworks @loader_path/Frameworks";
				PRODUCT_BUNDLE_IDENTIFIER = com.excalibur.Tong.CTNetWorkTests;
				PRODUCT_NAME = "$(TARGET_NAME)";
				TEST_HOST = "$(BUILT_PRODUCTS_DIR)/CTNetWork.app/CTNetWork";
			};
			name = Debug;
		};
		0B117C771CFB2A030092D268 /* Release */ = {
			isa = XCBuildConfiguration;
			buildSettings = {
				BUNDLE_LOADER = "$(TEST_HOST)";
				INFOPLIST_FILE = CTNetWorkTests/Info.plist;
				LD_RUNPATH_SEARCH_PATHS = "$(inherited) @executable_path/Frameworks @loader_path/Frameworks";
				PRODUCT_BUNDLE_IDENTIFIER = com.excalibur.Tong.CTNetWorkTests;
				PRODUCT_NAME = "$(TARGET_NAME)";
				TEST_HOST = "$(BUILT_PRODUCTS_DIR)/CTNetWork.app/CTNetWork";
			};
			name = Release;
		};
/* End XCBuildConfiguration section */

/* Begin XCConfigurationList section */
		0B117C4B1CFB2A030092D268 /* Build configuration list for PBXProject "CTNetWork" */ = {
			isa = XCConfigurationList;
			buildConfigurations = (
				0B117C701CFB2A030092D268 /* Debug */,
				0B117C711CFB2A030092D268 /* Release */,
			);
			defaultConfigurationIsVisible = 0;
			defaultConfigurationName = Release;
		};
		0B117C721CFB2A030092D268 /* Build configuration list for PBXNativeTarget "CTNetWork" */ = {
			isa = XCConfigurationList;
			buildConfigurations = (
				0B117C731CFB2A030092D268 /* Debug */,
				0B117C741CFB2A030092D268 /* Release */,
			);
			defaultConfigurationIsVisible = 0;
			defaultConfigurationName = Release;
		};
		0B117C751CFB2A030092D268 /* Build configuration list for PBXNativeTarget "CTNetWorkTests" */ = {
			isa = XCConfigurationList;
			buildConfigurations = (
				0B117C761CFB2A030092D268 /* Debug */,
				0B117C771CFB2A030092D268 /* Release */,
			);
			defaultConfigurationIsVisible = 0;
			defaultConfigurationName = Release;
		};
/* End XCConfigurationList section */
	};
	rootObject = 0B117C481CFB2A030092D268 /* Project object */;
}
